
Microsoft Visual Studio Solution File, Format Version 12.00
# Visual Studio Version 17
VisualStudioVersion = 17.3.32922.545
MinimumVisualStudioVersion = 10.0.40219.1
Project("{9A19103F-16F7-4668-BE54-9A1E7A4F7556}") = "FaceBlogCodersBay.Library", "FaceBlogCodersBay\FaceBlogCodersBay.Library.csproj", "{B46F5D6A-43F6-4040-AB64-82FA401A42E9}"
EndProject
Project("{9A19103F-16F7-4668-BE54-9A1E7A4F7556}") = "FaceBlogCodersBay.ConsoleApp", "FaceBlogCodersBay.ConsoleApp\FaceBlogCodersBay.ConsoleApp.csproj", "{93D50C5B-4582-4147-BAD9-70702065C9B7}"
EndProject
Project("{FAE04EC0-301F-11D3-BF4B-00C04F79EFBC}") = "FaceBlogCodersBay.RestAPI", "FaceBlogCodersBay.RestAPI\FaceBlogCodersBay.RestAPI.csproj", "{83970612-1A1F-498A-9924-1CE032855406}"
EndProject
Global
	GlobalSection(SolutionConfigurationPlatforms) = preSolution
		Debug|Any CPU = Debug|Any CPU
		Release|Any CPU = Release|Any CPU
	EndGlobalSection
	GlobalSection(ProjectConfigurationPlatforms) = postSolution
		{B46F5D6A-43F6-4040-AB64-82FA401A42E9}.Debug|Any CPU.ActiveCfg = Debug|Any CPU
		{B46F5D6A-43F6-4040-AB64-82FA401A42E9}.Debug|Any CPU.Build.0 = Debug|Any CPU
		{B46F5D6A-43F6-4040-AB64-82FA401A42E9}.Release|Any CPU.ActiveCfg = Release|Any CPU
		{B46F5D6A-43F6-4040-AB64-82FA401A42E9}.Release|Any CPU.Build.0 = Release|Any CPU
		{93D50C5B-4582-4147-BAD9-70702065C9B7}.Debug|Any CPU.ActiveCfg = Debug|Any CPU
		{93D50C5B-4582-4147-BAD9-70702065C9B7}.Debug|Any CPU.Build.0 = Debug|Any CPU
		{93D50C5B-4582-4147-BAD9-70702065C9B7}.Release|Any CPU.ActiveCfg = Release|Any CPU
		{93D50C5B-4582-4147-BAD9-70702065C9B7}.Release|Any CPU.Build.0 = Release|Any CPU
		{83970612-1A1F-498A-9924-1CE032855406}.Debug|Any CPU.ActiveCfg = Debug|Any CPU
		{83970612-1A1F-498A-9924-1CE032855406}.Debug|Any CPU.Build.0 = Debug|Any CPU
		{83970612-1A1F-498A-9924-1CE032855406}.Release|Any CPU.ActiveCfg = Release|Any CPU
		{83970612-1A1F-498A-9924-1CE032855406}.Release|Any CPU.Build.0 = Release|Any CPU
	EndGlobalSection
	GlobalSection(SolutionProperties) = preSolution
		HideSolutionNode = FALSE
	EndGlobalSection
	GlobalSection(ExtensibilityGlobals) = postSolution
		SolutionGuid = {6B8FF8D2-5E1E-4D63-8926-F4F4F748E000}
	EndGlobalSection
EndGlobal
