
Microsoft Visual Studio Solution File, Format Version 12.00
# Visual Studio Version 17
VisualStudioVersion = 17.3.32922.545
MinimumVisualStudioVersion = 10.0.40219.1
Project("{9A19103F-16F7-4668-BE54-9A1E7A4F7556}") = "FaceBlog.Console", "..\FaceBlog.Console\FaceBlog.Console.csproj", "{EF968E2E-CC00-4FCA-BCA1-E58689F0D13E}"
EndProject
Project("{9A19103F-16F7-4668-BE54-9A1E7A4F7556}") = "FaceBlog.Lib", "..\FaceBlog.Lib\FaceBlog.Lib.csproj", "{4B72099C-A641-4A62-BA26-371C87E69298}"
EndProject
Global
	GlobalSection(SolutionConfigurationPlatforms) = preSolution
		Debug|Any CPU = Debug|Any CPU
		Release|Any CPU = Release|Any CPU
	EndGlobalSection
	GlobalSection(ProjectConfigurationPlatforms) = postSolution
		{EF968E2E-CC00-4FCA-BCA1-E58689F0D13E}.Debug|Any CPU.ActiveCfg = Debug|Any CPU
		{EF968E2E-CC00-4FCA-BCA1-E58689F0D13E}.Debug|Any CPU.Build.0 = Debug|Any CPU
		{EF968E2E-CC00-4FCA-BCA1-E58689F0D13E}.Release|Any CPU.ActiveCfg = Release|Any CPU
		{EF968E2E-CC00-4FCA-BCA1-E58689F0D13E}.Release|Any CPU.Build.0 = Release|Any CPU
		{4B72099C-A641-4A62-BA26-371C87E69298}.Debug|Any CPU.ActiveCfg = Debug|Any CPU
		{4B72099C-A641-4A62-BA26-371C87E69298}.Debug|Any CPU.Build.0 = Debug|Any CPU
		{4B72099C-A641-4A62-BA26-371C87E69298}.Release|Any CPU.ActiveCfg = Release|Any CPU
		{4B72099C-A641-4A62-BA26-371C87E69298}.Release|Any CPU.Build.0 = Release|Any CPU
	EndGlobalSection
	GlobalSection(SolutionProperties) = preSolution
		HideSolutionNode = FALSE
	EndGlobalSection
	GlobalSection(ExtensibilityGlobals) = postSolution
		SolutionGuid = {C5DE7F53-32D4-4D13-A0AD-3E59CCE41431}
	EndGlobalSection
EndGlobal
